
Microsoft Visual Studio Solution File, Format Version 12.00
# Visual Studio Version 16
VisualStudioVersion = 16.0.30406.217
MinimumVisualStudioVersion = 10.0.40219.1
Project("{FAE04EC0-301F-11D3-BF4B-00C04F79EFBC}") = "Password", "Password\Password.csproj", "{44E30AE3-6683-43F8-9AE0-C26A00F6AA31}"
EndProject
Global
	GlobalSection(SolutionConfigurationPlatforms) = preSolution
		Debug|Any CPU = Debug|Any CPU
		Release|Any CPU = Release|Any CPU
	EndGlobalSection
	GlobalSection(ProjectConfigurationPlatforms) = postSolution
		{44E30AE3-6683-43F8-9AE0-C26A00F6AA31}.Debug|Any CPU.ActiveCfg = Debug|Any CPU
		{44E30AE3-6683-43F8-9AE0-C26A00F6AA31}.Debug|Any CPU.Build.0 = Debug|Any CPU
		{44E30AE3-6683-43F8-9AE0-C26A00F6AA31}.Release|Any CPU.ActiveCfg = Release|Any CPU
		{44E30AE3-6683-43F8-9AE0-C26A00F6AA31}.Release|Any CPU.Build.0 = Release|Any CPU
	EndGlobalSection
	GlobalSection(SolutionProperties) = preSolution
		HideSolutionNode = FALSE
	EndGlobalSection
	GlobalSection(ExtensibilityGlobals) = postSolution
		SolutionGuid = {46A17DB6-163C-4F47-87F8-3C79765A8B3D}
	EndGlobalSection
EndGlobal
